// !$*UTF8*$!
{
	archiveVersion = 1;
	classes = {
	};
	objectVersion = 50;
	objects = {

/* Begin PBXBuildFile section */
		6B42D85A2396B039003A38DB /* CitiesDVController.swift in Sources */ = {isa = PBXBuildFile; fileRef = 6B42D8592396B039003A38DB /* CitiesDVController.swift */; };
		6B42D8602396D04A003A38DB /* colorSchemes.json in Resources */ = {isa = PBXBuildFile; fileRef = 6B42D85F2396D04A003A38DB /* colorSchemes.json */; };
		6B42D8642396D1A6003A38DB /* ColorsData.swift in Sources */ = {isa = PBXBuildFile; fileRef = 6B42D8632396D1A6003A38DB /* ColorsData.swift */; };
		6B42D8662396E749003A38DB /* Bundle+Extensions.swift in Sources */ = {isa = PBXBuildFile; fileRef = 6B42D8652396E749003A38DB /* Bundle+Extensions.swift */; };
		6B42D89C23970FC0003A38DB /* ColorsViewController.swift in Sources */ = {isa = PBXBuildFile; fileRef = 6B42D89B23970FC0003A38DB /* ColorsViewController.swift */; };
		6B42D89E23970FE3003A38DB /* ColorsDVController.swift in Sources */ = {isa = PBXBuildFile; fileRef = 6B42D89D23970FE2003A38DB /* ColorsDVController.swift */; };
		6BBDFD84238ED69900A6F663 /* AppDelegate.swift in Sources */ = {isa = PBXBuildFile; fileRef = 6BBDFD83238ED69900A6F663 /* AppDelegate.swift */; };
		6BBDFD86238ED69900A6F663 /* SceneDelegate.swift in Sources */ = {isa = PBXBuildFile; fileRef = 6BBDFD85238ED69900A6F663 /* SceneDelegate.swift */; };
		6BBDFD88238ED69900A6F663 /* CitiesViewController.swift in Sources */ = {isa = PBXBuildFile; fileRef = 6BBDFD87238ED69900A6F663 /* CitiesViewController.swift */; };
		6BBDFD8B238ED69900A6F663 /* Main.storyboard in Resources */ = {isa = PBXBuildFile; fileRef = 6BBDFD89238ED69900A6F663 /* Main.storyboard */; };
		6BBDFD8D238ED69B00A6F663 /* Assets.xcassets in Resources */ = {isa = PBXBuildFile; fileRef = 6BBDFD8C238ED69B00A6F663 /* Assets.xcassets */; };
		6BBDFD90238ED69B00A6F663 /* LaunchScreen.storyboard in Resources */ = {isa = PBXBuildFile; fileRef = 6BBDFD8E238ED69B00A6F663 /* LaunchScreen.storyboard */; };
		6BBDFD9A238ED81D00A6F663 /* citiesWithinRectZone.json in Resources */ = {isa = PBXBuildFile; fileRef = 6BBDFD99238ED81D00A6F663 /* citiesWithinRectZone.json */; };
		6BBDFD9C238ED86000A6F663 /* CitiesData.swift in Sources */ = {isa = PBXBuildFile; fileRef = 6BBDFD9B238ED86000A6F663 /* CitiesData.swift */; };
/* End PBXBuildFile section */

/* Begin PBXFileReference section */
		6B42D8592396B039003A38DB /* CitiesDVController.swift */ = {isa = PBXFileReference; lastKnownFileType = sourcecode.swift; path = CitiesDVController.swift; sourceTree = "<group>"; };
		6B42D85F2396D04A003A38DB /* colorSchemes.json */ = {isa = PBXFileReference; lastKnownFileType = text.json; path = colorSchemes.json; sourceTree = "<group>"; };
		6B42D8632396D1A6003A38DB /* ColorsData.swift */ = {isa = PBXFileReference; lastKnownFileType = sourcecode.swift; path = ColorsData.swift; sourceTree = "<group>"; };
		6B42D8652396E749003A38DB /* Bundle+Extensions.swift */ = {isa = PBXFileReference; lastKnownFileType = sourcecode.swift; path = "Bundle+Extensions.swift"; sourceTree = "<group>"; };
		6B42D89B23970FC0003A38DB /* ColorsViewController.swift */ = {isa = PBXFileReference; lastKnownFileType = sourcecode.swift; path = ColorsViewController.swift; sourceTree = "<group>"; };
		6B42D89D23970FE2003A38DB /* ColorsDVController.swift */ = {isa = PBXFileReference; lastKnownFileType = sourcecode.swift; path = ColorsDVController.swift; sourceTree = "<group>"; };
		6BBDFD80238ED69900A6F663 /* Parsing-JSON-Lab-Unit-3.app */ = {isa = PBXFileReference; explicitFileType = wrapper.application; includeInIndex = 0; path = "Parsing-JSON-Lab-Unit-3.app"; sourceTree = BUILT_PRODUCTS_DIR; };
		6BBDFD83238ED69900A6F663 /* AppDelegate.swift */ = {isa = PBXFileReference; lastKnownFileType = sourcecode.swift; path = AppDelegate.swift; sourceTree = "<group>"; };
		6BBDFD85238ED69900A6F663 /* SceneDelegate.swift */ = {isa = PBXFileReference; lastKnownFileType = sourcecode.swift; path = SceneDelegate.swift; sourceTree = "<group>"; };
		6BBDFD87238ED69900A6F663 /* CitiesViewController.swift */ = {isa = PBXFileReference; lastKnownFileType = sourcecode.swift; path = CitiesViewController.swift; sourceTree = "<group>"; };
		6BBDFD8A238ED69900A6F663 /* Base */ = {isa = PBXFileReference; lastKnownFileType = file.storyboard; name = Base; path = Base.lproj/Main.storyboard; sourceTree = "<group>"; };
		6BBDFD8C238ED69B00A6F663 /* Assets.xcassets */ = {isa = PBXFileReference; lastKnownFileType = folder.assetcatalog; path = Assets.xcassets; sourceTree = "<group>"; };
		6BBDFD8F238ED69B00A6F663 /* Base */ = {isa = PBXFileReference; lastKnownFileType = file.storyboard; name = Base; path = Base.lproj/LaunchScreen.storyboard; sourceTree = "<group>"; };
		6BBDFD91238ED69B00A6F663 /* Info.plist */ = {isa = PBXFileReference; lastKnownFileType = text.plist.xml; path = Info.plist; sourceTree = "<group>"; };
		6BBDFD99238ED81D00A6F663 /* citiesWithinRectZone.json */ = {isa = PBXFileReference; lastKnownFileType = text.json; path = citiesWithinRectZone.json; sourceTree = "<group>"; };
		6BBDFD9B238ED86000A6F663 /* CitiesData.swift */ = {isa = PBXFileReference; lastKnownFileType = sourcecode.swift; path = CitiesData.swift; sourceTree = "<group>"; };
/* End PBXFileReference section */

/* Begin PBXFrameworksBuildPhase section */
		6BBDFD7D238ED69900A6F663 /* Frameworks */ = {
			isa = PBXFrameworksBuildPhase;
			buildActionMask = 2147483647;
			files = (
			);
			runOnlyForDeploymentPostprocessing = 0;
		};
/* End PBXFrameworksBuildPhase section */

/* Begin PBXGroup section */
		6B42D89923970EF4003A38DB /* Colors */ = {
			isa = PBXGroup;
			children = (
				6B42D8632396D1A6003A38DB /* ColorsData.swift */,
				6B42D89B23970FC0003A38DB /* ColorsViewController.swift */,
				6B42D89D23970FE2003A38DB /* ColorsDVController.swift */,
			);
			path = Colors;
			sourceTree = "<group>";
		};
		6B42D89A23970F04003A38DB /* Cities */ = {
			isa = PBXGroup;
			children = (
				6BBDFD9B238ED86000A6F663 /* CitiesData.swift */,
				6BBDFD87238ED69900A6F663 /* CitiesViewController.swift */,
				6B42D8592396B039003A38DB /* CitiesDVController.swift */,
			);
			path = Cities;
			sourceTree = "<group>";
		};
		6BBDFD77238ED69900A6F663 = {
			isa = PBXGroup;
			children = (
				6BBDFD99238ED81D00A6F663 /* citiesWithinRectZone.json */,
				6B42D85F2396D04A003A38DB /* colorSchemes.json */,
				6BBDFD82238ED69900A6F663 /* Parsing-JSON-Lab-Unit-3 */,
				6BBDFD81238ED69900A6F663 /* Products */,
			);
			sourceTree = "<group>";
		};
		6BBDFD81238ED69900A6F663 /* Products */ = {
			isa = PBXGroup;
			children = (
				6BBDFD80238ED69900A6F663 /* Parsing-JSON-Lab-Unit-3.app */,
			);
			name = Products;
			sourceTree = "<group>";
		};
		6BBDFD82238ED69900A6F663 /* Parsing-JSON-Lab-Unit-3 */ = {
			isa = PBXGroup;
			children = (
				6BBDFD83238ED69900A6F663 /* AppDelegate.swift */,
				6B42D89A23970F04003A38DB /* Cities */,
				6BBDFD85238ED69900A6F663 /* SceneDelegate.swift */,
				6B42D89923970EF4003A38DB /* Colors */,
				6B42D8652396E749003A38DB /* Bundle+Extensions.swift */,
				6BBDFD89238ED69900A6F663 /* Main.storyboard */,
				6BBDFD8C238ED69B00A6F663 /* Assets.xcassets */,
				6BBDFD8E238ED69B00A6F663 /* LaunchScreen.storyboard */,
				6BBDFD91238ED69B00A6F663 /* Info.plist */,
			);
			path = "Parsing-JSON-Lab-Unit-3";
			sourceTree = "<group>";
		};
/* End PBXGroup section */

/* Begin PBXNativeTarget section */
		6BBDFD7F238ED69900A6F663 /* Parsing-JSON-Lab-Unit-3 */ = {
			isa = PBXNativeTarget;
			buildConfigurationList = 6BBDFD94238ED69B00A6F663 /* Build configuration list for PBXNativeTarget "Parsing-JSON-Lab-Unit-3" */;
			buildPhases = (
				6BBDFD7C238ED69900A6F663 /* Sources */,
				6BBDFD7D238ED69900A6F663 /* Frameworks */,
				6BBDFD7E238ED69900A6F663 /* Resources */,
			);
			buildRules = (
			);
			dependencies = (
			);
			name = "Parsing-JSON-Lab-Unit-3";
			productName = "Parsing-JSON-Lab-Unit-3";
			productReference = 6BBDFD80238ED69900A6F663 /* Parsing-JSON-Lab-Unit-3.app */;
			productType = "com.apple.product-type.application";
		};
/* End PBXNativeTarget section */

/* Begin PBXProject section */
		6BBDFD78238ED69900A6F663 /* Project object */ = {
			isa = PBXProject;
			attributes = {
				LastSwiftUpdateCheck = 1120;
				LastUpgradeCheck = 1120;
				ORGANIZATIONNAME = "Chelsi Christmas";
				TargetAttributes = {
					6BBDFD7F238ED69900A6F663 = {
						CreatedOnToolsVersion = 11.2;
					};
				};
			};
			buildConfigurationList = 6BBDFD7B238ED69900A6F663 /* Build configuration list for PBXProject "Parsing-JSON-Lab-Unit-3" */;
			compatibilityVersion = "Xcode 9.3";
			developmentRegion = en;
			hasScannedForEncodings = 0;
			knownRegions = (
				en,
				Base,
			);
			mainGroup = 6BBDFD77238ED69900A6F663;
			productRefGroup = 6BBDFD81238ED69900A6F663 /* Products */;
			projectDirPath = "";
			projectRoot = "";
			targets = (
				6BBDFD7F238ED69900A6F663 /* Parsing-JSON-Lab-Unit-3 */,
			);
		};
/* End PBXProject section */

/* Begin PBXResourcesBuildPhase section */
		6BBDFD7E238ED69900A6F663 /* Resources */ = {
			isa = PBXResourcesBuildPhase;
			buildActionMask = 2147483647;
			files = (
				6BBDFD90238ED69B00A6F663 /* LaunchScreen.storyboard in Resources */,
				6BBDFD8D238ED69B00A6F663 /* Assets.xcassets in Resources */,
				6B42D8602396D04A003A38DB /* colorSchemes.json in Resources */,
				6BBDFD8B238ED69900A6F663 /* Main.storyboard in Resources */,
				6BBDFD9A238ED81D00A6F663 /* citiesWithinRectZone.json in Resources */,
			);
			runOnlyForDeploymentPostprocessing = 0;
		};
/* End PBXResourcesBuildPhase section */

/* Begin PBXSourcesBuildPhase section */
		6BBDFD7C238ED69900A6F663 /* Sources */ = {
			isa = PBXSourcesBuildPhase;
			buildActionMask = 2147483647;
			files = (
				6B42D89E23970FE3003A38DB /* ColorsDVController.swift in Sources */,
				6BBDFD88238ED69900A6F663 /* CitiesViewController.swift in Sources */,
				6BBDFD84238ED69900A6F663 /* AppDelegate.swift in Sources */,
				6B42D85A2396B039003A38DB /* CitiesDVController.swift in Sources */,
				6B42D8642396D1A6003A38DB /* ColorsData.swift in Sources */,
				6BBDFD9C238ED86000A6F663 /* CitiesData.swift in Sources */,
				6BBDFD86238ED69900A6F663 /* SceneDelegate.swift in Sources */,
				6B42D89C23970FC0003A38DB /* ColorsViewController.swift in Sources */,
				6B42D8662396E749003A38DB /* Bundle+Extensions.swift in Sources */,
			);
			runOnlyForDeploymentPostprocessing = 0;
		};
/* End PBXSourcesBuildPhase section */

/* Begin PBXVariantGroup section */
		6BBDFD89238ED69900A6F663 /* Main.storyboard */ = {
			isa = PBXVariantGroup;
			children = (
				6BBDFD8A238ED69900A6F663 /* Base */,
			);
			name = Main.storyboard;
			sourceTree = "<group>";
		};
		6BBDFD8E238ED69B00A6F663 /* LaunchScreen.storyboard */ = {
			isa = PBXVariantGroup;
			children = (
				6BBDFD8F238ED69B00A6F663 /* Base */,
			);
			name = LaunchScreen.storyboard;
			sourceTree = "<group>";
		};
/* End PBXVariantGroup section */

/* Begin XCBuildConfiguration section */
		6BBDFD92238ED69B00A6F663 /* Debug */ = {
			isa = XCBuildConfiguration;
			buildSettings = {
				ALWAYS_SEARCH_USER_PATHS = NO;
				CLANG_ANALYZER_NONNULL = YES;
				CLANG_ANALYZER_NUMBER_OBJECT_CONVERSION = YES_AGGRESSIVE;
				CLANG_CXX_LANGUAGE_STANDARD = "gnu++14";
				CLANG_CXX_LIBRARY = "libc++";
				CLANG_ENABLE_MODULES = YES;
				CLANG_ENABLE_OBJC_ARC = YES;
				CLANG_ENABLE_OBJC_WEAK = YES;
				CLANG_WARN_BLOCK_CAPTURE_AUTORELEASING = YES;
				CLANG_WARN_BOOL_CONVERSION = YES;
				CLANG_WARN_COMMA = YES;
				CLANG_WARN_CONSTANT_CONVERSION = YES;
				CLANG_WARN_DEPRECATED_OBJC_IMPLEMENTATIONS = YES;
				CLANG_WARN_DIRECT_OBJC_ISA_USAGE = YES_ERROR;
				CLANG_WARN_DOCUMENTATION_COMMENTS = YES;
				CLANG_WARN_EMPTY_BODY = YES;
				CLANG_WARN_ENUM_CONVERSION = YES;
				CLANG_WARN_INFINITE_RECURSION = YES;
				CLANG_WARN_INT_CONVERSION = YES;
				CLANG_WARN_NON_LITERAL_NULL_CONVERSION = YES;
				CLANG_WARN_OBJC_IMPLICIT_RETAIN_SELF = YES;
				CLANG_WARN_OBJC_LITERAL_CONVERSION = YES;
				CLANG_WARN_OBJC_ROOT_CLASS = YES_ERROR;
				CLANG_WARN_RANGE_LOOP_ANALYSIS = YES;
				CLANG_WARN_STRICT_PROTOTYPES = YES;
				CLANG_WARN_SUSPICIOUS_MOVE = YES;
				CLANG_WARN_UNGUARDED_AVAILABILITY = YES_AGGRESSIVE;
				CLANG_WARN_UNREACHABLE_CODE = YES;
				CLANG_WARN__DUPLICATE_METHOD_MATCH = YES;
				COPY_PHASE_STRIP = NO;
				DEBUG_INFORMATION_FORMAT = dwarf;
				ENABLE_STRICT_OBJC_MSGSEND = YES;
				ENABLE_TESTABILITY = YES;
				GCC_C_LANGUAGE_STANDARD = gnu11;
				GCC_DYNAMIC_NO_PIC = NO;
				GCC_NO_COMMON_BLOCKS = YES;
				GCC_OPTIMIZATION_LEVEL = 0;
				GCC_PREPROCESSOR_DEFINITIONS = (
					"DEBUG=1",
					"$(inherited)",
				);
				GCC_WARN_64_TO_32_BIT_CONVERSION = YES;
				GCC_WARN_ABOUT_RETURN_TYPE = YES_ERROR;
				GCC_WARN_UNDECLARED_SELECTOR = YES;
				GCC_WARN_UNINITIALIZED_AUTOS = YES_AGGRESSIVE;
				GCC_WARN_UNUSED_FUNCTION = YES;
				GCC_WARN_UNUSED_VARIABLE = YES;
				IPHONEOS_DEPLOYMENT_TARGET = 13.2;
				MTL_ENABLE_DEBUG_INFO = INCLUDE_SOURCE;
				MTL_FAST_MATH = YES;
				ONLY_ACTIVE_ARCH = YES;
				SDKROOT = iphoneos;
				SWIFT_ACTIVE_COMPILATION_CONDITIONS = DEBUG;
				SWIFT_OPTIMIZATION_LEVEL = "-Onone";
			};
			name = Debug;
		};
		6BBDFD93238ED69B00A6F663 /* Release */ = {
			isa = XCBuildConfiguration;
			buildSettings = {
				ALWAYS_SEARCH_USER_PATHS = NO;
				CLANG_ANALYZER_NONNULL = YES;
				CLANG_ANALYZER_NUMBER_OBJECT_CONVERSION = YES_AGGRESSIVE;
				CLANG_CXX_LANGUAGE_STANDARD = "gnu++14";
				CLANG_CXX_LIBRARY = "libc++";
				CLANG_ENABLE_MODULES = YES;
				CLANG_ENABLE_OBJC_ARC = YES;
				CLANG_ENABLE_OBJC_WEAK = YES;
				CLANG_WARN_BLOCK_CAPTURE_AUTORELEASING = YES;
				CLANG_WARN_BOOL_CONVERSION = YES;
				CLANG_WARN_COMMA = YES;
				CLANG_WARN_CONSTANT_CONVERSION = YES;
				CLANG_WARN_DEPRECATED_OBJC_IMPLEMENTATIONS = YES;
				CLANG_WARN_DIRECT_OBJC_ISA_USAGE = YES_ERROR;
				CLANG_WARN_DOCUMENTATION_COMMENTS = YES;
				CLANG_WARN_EMPTY_BODY = YES;
				CLANG_WARN_ENUM_CONVERSION = YES;
				CLANG_WARN_INFINITE_RECURSION = YES;
				CLANG_WARN_INT_CONVERSION = YES;
				CLANG_WARN_NON_LITERAL_NULL_CONVERSION = YES;
				CLANG_WARN_OBJC_IMPLICIT_RETAIN_SELF = YES;
				CLANG_WARN_OBJC_LITERAL_CONVERSION = YES;
				CLANG_WARN_OBJC_ROOT_CLASS = YES_ERROR;
				CLANG_WARN_RANGE_LOOP_ANALYSIS = YES;
				CLANG_WARN_STRICT_PROTOTYPES = YES;
				CLANG_WARN_SUSPICIOUS_MOVE = YES;
				CLANG_WARN_UNGUARDED_AVAILABILITY = YES_AGGRESSIVE;
				CLANG_WARN_UNREACHABLE_CODE = YES;
				CLANG_WARN__DUPLICATE_METHOD_MATCH = YES;
				COPY_PHASE_STRIP = NO;
				DEBUG_INFORMATION_FORMAT = "dwarf-with-dsym";
				ENABLE_NS_ASSERTIONS = NO;
				ENABLE_STRICT_OBJC_MSGSEND = YES;
				GCC_C_LANGUAGE_STANDARD = gnu11;
				GCC_NO_COMMON_BLOCKS = YES;
				GCC_WARN_64_TO_32_BIT_CONVERSION = YES;
				GCC_WARN_ABOUT_RETURN_TYPE = YES_ERROR;
				GCC_WARN_UNDECLARED_SELECTOR = YES;
				GCC_WARN_UNINITIALIZED_AUTOS = YES_AGGRESSIVE;
				GCC_WARN_UNUSED_FUNCTION = YES;
				GCC_WARN_UNUSED_VARIABLE = YES;
				IPHONEOS_DEPLOYMENT_TARGET = 13.2;
				MTL_ENABLE_DEBUG_INFO = NO;
				MTL_FAST_MATH = YES;
				SDKROOT = iphoneos;
				SWIFT_COMPILATION_MODE = wholemodule;
				SWIFT_OPTIMIZATION_LEVEL = "-O";
				VALIDATE_PRODUCT = YES;
			};
			name = Release;
		};
		6BBDFD95238ED69B00A6F663 /* Debug */ = {
			isa = XCBuildConfiguration;
			buildSettings = {
				ASSETCATALOG_COMPILER_APPICON_NAME = AppIcon;
				CODE_SIGN_STYLE = Automatic;
				DEVELOPMENT_TEAM = YC2567VA38;
				INFOPLIST_FILE = "Parsing-JSON-Lab-Unit-3/Info.plist";
				LD_RUNPATH_SEARCH_PATHS = (
					"$(inherited)",
					"@executable_path/Frameworks",
				);
				PRODUCT_BUNDLE_IDENTIFIER = "com.ChelsiChristmas.Parsing-JSON-Lab-Unit-3";
				PRODUCT_NAME = "$(TARGET_NAME)";
				SWIFT_VERSION = 5.0;
				TARGETED_DEVICE_FAMILY = "1,2";
			};
			name = Debug;
		};
		6BBDFD96238ED69B00A6F663 /* Release */ = {
			isa = XCBuildConfiguration;
			buildSettings = {
				ASSETCATALOG_COMPILER_APPICON_NAME = AppIcon;
				CODE_SIGN_STYLE = Automatic;
				DEVELOPMENT_TEAM = YC2567VA38;
				INFOPLIST_FILE = "Parsing-JSON-Lab-Unit-3/Info.plist";
				LD_RUNPATH_SEARCH_PATHS = (
					"$(inherited)",
					"@executable_path/Frameworks",
				);
				PRODUCT_BUNDLE_IDENTIFIER = "com.ChelsiChristmas.Parsing-JSON-Lab-Unit-3";
				PRODUCT_NAME = "$(TARGET_NAME)";
				SWIFT_VERSION = 5.0;
				TARGETED_DEVICE_FAMILY = "1,2";
			};
			name = Release;
		};
/* End XCBuildConfiguration section */

/* Begin XCConfigurationList section */
		6BBDFD7B238ED69900A6F663 /* Build configuration list for PBXProject "Parsing-JSON-Lab-Unit-3" */ = {
			isa = XCConfigurationList;
			buildConfigurations = (
				6BBDFD92238ED69B00A6F663 /* Debug */,
				6BBDFD93238ED69B00A6F663 /* Release */,
			);
			defaultConfigurationIsVisible = 0;
			defaultConfigurationName = Release;
		};
		6BBDFD94238ED69B00A6F663 /* Build configuration list for PBXNativeTarget "Parsing-JSON-Lab-Unit-3" */ = {
			isa = XCConfigurationList;
			buildConfigurations = (
				6BBDFD95238ED69B00A6F663 /* Debug */,
				6BBDFD96238ED69B00A6F663 /* Release */,
			);
			defaultConfigurationIsVisible = 0;
			defaultConfigurationName = Release;
		};
/* End XCConfigurationList section */
	};
	rootObject = 6BBDFD78238ED69900A6F663 /* Project object */;
}
